
Microsoft Visual Studio Solution File, Format Version 12.00
# Visual Studio Version 17
VisualStudioVersion = 17.10.35122.118
MinimumVisualStudioVersion = 10.0.40219.1
Project("{9A19103F-16F7-4668-BE54-9A1E7A4F7556}") = "Api", "server\Api\Api.csproj", "{4297AB70-8710-4814-AFDA-230FFA8BE7BC}"
EndProject
Project("{9A19103F-16F7-4668-BE54-9A1E7A4F7556}") = "Domain", "server\Domain\Domain.csproj", "{BF138B96-FA1E-449C-AB72-218BC4C1CB73}"
EndProject
Project("{9A19103F-16F7-4668-BE54-9A1E7A4F7556}") = "Infrastructure", "server\Infrastructure\Infrastructure.csproj", "{F413A73E-122F-4CD4-9CD0-573E57A96788}"
EndProject
Project("{9A19103F-16F7-4668-BE54-9A1E7A4F7556}") = "Application", "server\Application\Application.csproj", "{11B6E2A6-92A1-4ACE-82B0-07C91A70EC5B}"
EndProject
Project("{2150E333-8FDC-42A3-9474-1A3956D46DE8}") = "Server", "Server", "{885675AF-F693-47AA-B682-1BAAB007EA9B}"
EndProject
Project("{E53339B2-1760-4266-BCC7-CA923CBCF16C}") = "docker-compose", "docker-compose.dcproj", "{51AFA638-80A4-424C-8584-2385AC1BF474}"
EndProject
Global
	GlobalSection(SolutionConfigurationPlatforms) = preSolution
		Debug|Any CPU = Debug|Any CPU
		Release|Any CPU = Release|Any CPU
	EndGlobalSection
	GlobalSection(ProjectConfigurationPlatforms) = postSolution
		{4297AB70-8710-4814-AFDA-230FFA8BE7BC}.Debug|Any CPU.ActiveCfg = Debug|Any CPU
		{4297AB70-8710-4814-AFDA-230FFA8BE7BC}.Debug|Any CPU.Build.0 = Debug|Any CPU
		{4297AB70-8710-4814-AFDA-230FFA8BE7BC}.Release|Any CPU.ActiveCfg = Release|Any CPU
		{4297AB70-8710-4814-AFDA-230FFA8BE7BC}.Release|Any CPU.Build.0 = Release|Any CPU
		{BF138B96-FA1E-449C-AB72-218BC4C1CB73}.Debug|Any CPU.ActiveCfg = Debug|Any CPU
		{BF138B96-FA1E-449C-AB72-218BC4C1CB73}.Debug|Any CPU.Build.0 = Debug|Any CPU
		{BF138B96-FA1E-449C-AB72-218BC4C1CB73}.Release|Any CPU.ActiveCfg = Release|Any CPU
		{BF138B96-FA1E-449C-AB72-218BC4C1CB73}.Release|Any CPU.Build.0 = Release|Any CPU
		{F413A73E-122F-4CD4-9CD0-573E57A96788}.Debug|Any CPU.ActiveCfg = Debug|Any CPU
		{F413A73E-122F-4CD4-9CD0-573E57A96788}.Debug|Any CPU.Build.0 = Debug|Any CPU
		{F413A73E-122F-4CD4-9CD0-573E57A96788}.Release|Any CPU.ActiveCfg = Release|Any CPU
		{F413A73E-122F-4CD4-9CD0-573E57A96788}.Release|Any CPU.Build.0 = Release|Any CPU
		{11B6E2A6-92A1-4ACE-82B0-07C91A70EC5B}.Debug|Any CPU.ActiveCfg = Debug|Any CPU
		{11B6E2A6-92A1-4ACE-82B0-07C91A70EC5B}.Debug|Any CPU.Build.0 = Debug|Any CPU
		{11B6E2A6-92A1-4ACE-82B0-07C91A70EC5B}.Release|Any CPU.ActiveCfg = Release|Any CPU
		{11B6E2A6-92A1-4ACE-82B0-07C91A70EC5B}.Release|Any CPU.Build.0 = Release|Any CPU
		{51AFA638-80A4-424C-8584-2385AC1BF474}.Debug|Any CPU.ActiveCfg = Debug|Any CPU
		{51AFA638-80A4-424C-8584-2385AC1BF474}.Debug|Any CPU.Build.0 = Debug|Any CPU
		{51AFA638-80A4-424C-8584-2385AC1BF474}.Release|Any CPU.ActiveCfg = Release|Any CPU
		{51AFA638-80A4-424C-8584-2385AC1BF474}.Release|Any CPU.Build.0 = Release|Any CPU
	EndGlobalSection
	GlobalSection(SolutionProperties) = preSolution
		HideSolutionNode = FALSE
	EndGlobalSection
	GlobalSection(NestedProjects) = preSolution
		{4297AB70-8710-4814-AFDA-230FFA8BE7BC} = {885675AF-F693-47AA-B682-1BAAB007EA9B}
		{BF138B96-FA1E-449C-AB72-218BC4C1CB73} = {885675AF-F693-47AA-B682-1BAAB007EA9B}
		{F413A73E-122F-4CD4-9CD0-573E57A96788} = {885675AF-F693-47AA-B682-1BAAB007EA9B}
		{11B6E2A6-92A1-4ACE-82B0-07C91A70EC5B} = {885675AF-F693-47AA-B682-1BAAB007EA9B}
	EndGlobalSection
EndGlobal
